// !$*UTF8*$!
{
	archiveVersion = 1;
	classes = {
	};
	objectVersion = 46;
	objects = {

/* Begin PBXBuildFile section */
		0309EB53170542E400ADAFEF /* UIKit.framework in Frameworks */ = {isa = PBXBuildFile; fileRef = 0309EB52170542E400ADAFEF /* UIKit.framework */; };
		0309EB55170542E400ADAFEF /* Foundation.framework in Frameworks */ = {isa = PBXBuildFile; fileRef = 0309EB54170542E400ADAFEF /* Foundation.framework */; };
		0309EB57170542E400ADAFEF /* CoreGraphics.framework in Frameworks */ = {isa = PBXBuildFile; fileRef = 0309EB56170542E400ADAFEF /* CoreGraphics.framework */; };
		0309EB5D170542E400ADAFEF /* InfoPlist.strings in Resources */ = {isa = PBXBuildFile; fileRef = 0309EB5B170542E400ADAFEF /* InfoPlist.strings */; };
		0309EB5F170542E400ADAFEF /* main.m in Sources */ = {isa = PBXBuildFile; fileRef = 0309EB5E170542E400ADAFEF /* main.m */; };
		0309EB63170542E400ADAFEF /* JAAppDelegate.m in Sources */ = {isa = PBXBuildFile; fileRef = 0309EB62170542E400ADAFEF /* JAAppDelegate.m */; };
		0309EB65170542E400ADAFEF /* Default.png in Resources */ = {isa = PBXBuildFile; fileRef = 0309EB64170542E400ADAFEF /* Default.png */; };
		0309EB67170542E400ADAFEF /* Default@2x.png in Resources */ = {isa = PBXBuildFile; fileRef = 0309EB66170542E400ADAFEF /* Default@2x.png */; };
		0309EB69170542E400ADAFEF /* Default-568h@2x.png in Resources */ = {isa = PBXBuildFile; fileRef = 0309EB68170542E400ADAFEF /* Default-568h@2x.png */; };
		0309EB6C170542E400ADAFEF /* JAPulldownTableViewController.m in Sources */ = {isa = PBXBuildFile; fileRef = 0309EB6B170542E400ADAFEF /* JAPulldownTableViewController.m */; };
		0309EB761705439C00ADAFEF /* MapKit.framework in Frameworks */ = {isa = PBXBuildFile; fileRef = 0309EB751705439C00ADAFEF /* MapKit.framework */; };
		0309EB781705477F00ADAFEF /* CoreLocation.framework in Frameworks */ = {isa = PBXBuildFile; fileRef = 0309EB771705477F00ADAFEF /* CoreLocation.framework */; };
		0309EB811705621600ADAFEF /* JAMaskedBackgroundView.m in Sources */ = {isa = PBXBuildFile; fileRef = 0309EB801705621600ADAFEF /* JAMaskedBackgroundView.m */; };
		0309EB841705644D00ADAFEF /* JAConstants.m in Sources */ = {isa = PBXBuildFile; fileRef = 0309EB831705644D00ADAFEF /* JAConstants.m */; };
		035E4750170684E400616FBB /* JATouchPassingTableView.m in Sources */ = {isa = PBXBuildFile; fileRef = 035E474F170684E400616FBB /* JATouchPassingTableView.m */; };
/* End PBXBuildFile section */

/* Begin PBXFileReference section */
		0309EB4F170542E400ADAFEF /* PullToMap.app */ = {isa = PBXFileReference; explicitFileType = wrapper.application; includeInIndex = 0; path = PullToMap.app; sourceTree = BUILT_PRODUCTS_DIR; };
		0309EB52170542E400ADAFEF /* UIKit.framework */ = {isa = PBXFileReference; lastKnownFileType = wrapper.framework; name = UIKit.framework; path = System/Library/Frameworks/UIKit.framework; sourceTree = SDKROOT; };
		0309EB54170542E400ADAFEF /* Foundation.framework */ = {isa = PBXFileReference; lastKnownFileType = wrapper.framework; name = Foundation.framework; path = System/Library/Frameworks/Foundation.framework; sourceTree = SDKROOT; };
		0309EB56170542E400ADAFEF /* CoreGraphics.framework */ = {isa = PBXFileReference; lastKnownFileType = wrapper.framework; name = CoreGraphics.framework; path = System/Library/Frameworks/CoreGraphics.framework; sourceTree = SDKROOT; };
		0309EB5A170542E400ADAFEF /* PullToMap-Info.plist */ = {isa = PBXFileReference; lastKnownFileType = text.plist.xml; path = "PullToMap-Info.plist"; sourceTree = "<group>"; };
		0309EB5C170542E400ADAFEF /* en */ = {isa = PBXFileReference; lastKnownFileType = text.plist.strings; name = en; path = en.lproj/InfoPlist.strings; sourceTree = "<group>"; };
		0309EB5E170542E400ADAFEF /* main.m */ = {isa = PBXFileReference; lastKnownFileType = sourcecode.c.objc; path = main.m; sourceTree = "<group>"; };
		0309EB60170542E400ADAFEF /* PullToMap-Prefix.pch */ = {isa = PBXFileReference; lastKnownFileType = sourcecode.c.h; path = "PullToMap-Prefix.pch"; sourceTree = "<group>"; };
		0309EB61170542E400ADAFEF /* JAAppDelegate.h */ = {isa = PBXFileReference; lastKnownFileType = sourcecode.c.h; path = JAAppDelegate.h; sourceTree = "<group>"; };
		0309EB62170542E400ADAFEF /* JAAppDelegate.m */ = {isa = PBXFileReference; lastKnownFileType = sourcecode.c.objc; path = JAAppDelegate.m; sourceTree = "<group>"; };
		0309EB64170542E400ADAFEF /* Default.png */ = {isa = PBXFileReference; lastKnownFileType = image.png; path = Default.png; sourceTree = "<group>"; };
		0309EB66170542E400ADAFEF /* Default@2x.png */ = {isa = PBXFileReference; lastKnownFileType = image.png; path = "Default@2x.png"; sourceTree = "<group>"; };
		0309EB68170542E400ADAFEF /* Default-568h@2x.png */ = {isa = PBXFileReference; lastKnownFileType = image.png; path = "Default-568h@2x.png"; sourceTree = "<group>"; };
		0309EB6A170542E400ADAFEF /* JAPulldownTableViewController.h */ = {isa = PBXFileReference; lastKnownFileType = sourcecode.c.h; path = JAPulldownTableViewController.h; sourceTree = "<group>"; };
		0309EB6B170542E400ADAFEF /* JAPulldownTableViewController.m */ = {isa = PBXFileReference; lastKnownFileType = sourcecode.c.objc; path = JAPulldownTableViewController.m; sourceTree = "<group>"; };
		0309EB751705439C00ADAFEF /* MapKit.framework */ = {isa = PBXFileReference; lastKnownFileType = wrapper.framework; name = MapKit.framework; path = System/Library/Frameworks/MapKit.framework; sourceTree = SDKROOT; };
		0309EB771705477F00ADAFEF /* CoreLocation.framework */ = {isa = PBXFileReference; lastKnownFileType = wrapper.framework; name = CoreLocation.framework; path = System/Library/Frameworks/CoreLocation.framework; sourceTree = SDKROOT; };
		0309EB7F1705621600ADAFEF /* JAMaskedBackgroundView.h */ = {isa = PBXFileReference; fileEncoding = 4; lastKnownFileType = sourcecode.c.h; path = JAMaskedBackgroundView.h; sourceTree = "<group>"; };
		0309EB801705621600ADAFEF /* JAMaskedBackgroundView.m */ = {isa = PBXFileReference; fileEncoding = 4; lastKnownFileType = sourcecode.c.objc; path = JAMaskedBackgroundView.m; sourceTree = "<group>"; };
		0309EB821705644D00ADAFEF /* JAConstants.h */ = {isa = PBXFileReference; fileEncoding = 4; lastKnownFileType = sourcecode.c.h; path = JAConstants.h; sourceTree = "<group>"; };
		0309EB831705644D00ADAFEF /* JAConstants.m */ = {isa = PBXFileReference; fileEncoding = 4; lastKnownFileType = sourcecode.c.objc; path = JAConstants.m; sourceTree = "<group>"; };
		035E474E170684E400616FBB /* JATouchPassingTableView.h */ = {isa = PBXFileReference; fileEncoding = 4; lastKnownFileType = sourcecode.c.h; path = JATouchPassingTableView.h; sourceTree = "<group>"; };
		035E474F170684E400616FBB /* JATouchPassingTableView.m */ = {isa = PBXFileReference; fileEncoding = 4; lastKnownFileType = sourcecode.c.objc; path = JATouchPassingTableView.m; sourceTree = "<group>"; };
/* End PBXFileReference section */

/* Begin PBXFrameworksBuildPhase section */
		0309EB4C170542E400ADAFEF /* Frameworks */ = {
			isa = PBXFrameworksBuildPhase;
			buildActionMask = 2147483647;
			files = (
				0309EB761705439C00ADAFEF /* MapKit.framework in Frameworks */,
				0309EB781705477F00ADAFEF /* CoreLocation.framework in Frameworks */,
				0309EB53170542E400ADAFEF /* UIKit.framework in Frameworks */,
				0309EB55170542E400ADAFEF /* Foundation.framework in Frameworks */,
				0309EB57170542E400ADAFEF /* CoreGraphics.framework in Frameworks */,
			);
			runOnlyForDeploymentPostprocessing = 0;
		};
/* End PBXFrameworksBuildPhase section */

/* Begin PBXGroup section */
		0309EB46170542E400ADAFEF = {
			isa = PBXGroup;
			children = (
				0309EB58170542E400ADAFEF /* PullToMap */,
				0309EB51170542E400ADAFEF /* Frameworks */,
				0309EB50170542E400ADAFEF /* Products */,
			);
			sourceTree = "<group>";
		};
		0309EB50170542E400ADAFEF /* Products */ = {
			isa = PBXGroup;
			children = (
				0309EB4F170542E400ADAFEF /* PullToMap.app */,
			);
			name = Products;
			sourceTree = "<group>";
		};
		0309EB51170542E400ADAFEF /* Frameworks */ = {
			isa = PBXGroup;
			children = (
				0309EB751705439C00ADAFEF /* MapKit.framework */,
				0309EB771705477F00ADAFEF /* CoreLocation.framework */,
				0309EB52170542E400ADAFEF /* UIKit.framework */,
				0309EB54170542E400ADAFEF /* Foundation.framework */,
				0309EB56170542E400ADAFEF /* CoreGraphics.framework */,
			);
			name = Frameworks;
			sourceTree = "<group>";
		};
		0309EB58170542E400ADAFEF /* PullToMap */ = {
			isa = PBXGroup;
			children = (
				0309EB61170542E400ADAFEF /* JAAppDelegate.h */,
				0309EB62170542E400ADAFEF /* JAAppDelegate.m */,
				0309EB821705644D00ADAFEF /* JAConstants.h */,
				0309EB831705644D00ADAFEF /* JAConstants.m */,
				035E475317068CD700616FBB /* Helpers */,
				0309EB6A170542E400ADAFEF /* JAPulldownTableViewController.h */,
				0309EB6B170542E400ADAFEF /* JAPulldownTableViewController.m */,
				0309EB59170542E400ADAFEF /* Supporting Files */,
			);
			path = PullToMap;
			sourceTree = "<group>";
		};
		0309EB59170542E400ADAFEF /* Supporting Files */ = {
			isa = PBXGroup;
			children = (
				0309EB5A170542E400ADAFEF /* PullToMap-Info.plist */,
				0309EB5B170542E400ADAFEF /* InfoPlist.strings */,
				0309EB5E170542E400ADAFEF /* main.m */,
				0309EB60170542E400ADAFEF /* PullToMap-Prefix.pch */,
				0309EB64170542E400ADAFEF /* Default.png */,
				0309EB66170542E400ADAFEF /* Default@2x.png */,
				0309EB68170542E400ADAFEF /* Default-568h@2x.png */,
			);
			name = "Supporting Files";
			sourceTree = "<group>";
		};
		035E475317068CD700616FBB /* Helpers */ = {
			isa = PBXGroup;
			children = (
				035E474E170684E400616FBB /* JATouchPassingTableView.h */,
				035E474F170684E400616FBB /* JATouchPassingTableView.m */,
				0309EB7F1705621600ADAFEF /* JAMaskedBackgroundView.h */,
				0309EB801705621600ADAFEF /* JAMaskedBackgroundView.m */,
			);
			name = Helpers;
			sourceTree = "<group>";
		};
/* End PBXGroup section */

/* Begin PBXNativeTarget section */
		0309EB4E170542E400ADAFEF /* PullToMap */ = {
			isa = PBXNativeTarget;
			buildConfigurationList = 0309EB72170542E400ADAFEF /* Build configuration list for PBXNativeTarget "PullToMap" */;
			buildPhases = (
				0309EB4B170542E400ADAFEF /* Sources */,
				0309EB4C170542E400ADAFEF /* Frameworks */,
				0309EB4D170542E400ADAFEF /* Resources */,
			);
			buildRules = (
			);
			dependencies = (
			);
			name = PullToMap;
			productName = PullToMap;
			productReference = 0309EB4F170542E400ADAFEF /* PullToMap.app */;
			productType = "com.apple.product-type.application";
		};
/* End PBXNativeTarget section */

/* Begin PBXProject section */
		0309EB47170542E400ADAFEF /* Project object */ = {
			isa = PBXProject;
			attributes = {
				CLASSPREFIX = JA;
				LastUpgradeCheck = 0460;
				ORGANIZATIONNAME = "Josh Avant";
			};
			buildConfigurationList = 0309EB4A170542E400ADAFEF /* Build configuration list for PBXProject "PullToMap" */;
			compatibilityVersion = "Xcode 3.2";
			developmentRegion = English;
			hasScannedForEncodings = 0;
			knownRegions = (
				en,
			);
			mainGroup = 0309EB46170542E400ADAFEF;
			productRefGroup = 0309EB50170542E400ADAFEF /* Products */;
			projectDirPath = "";
			projectRoot = "";
			targets = (
				0309EB4E170542E400ADAFEF /* PullToMap */,
			);
		};
/* End PBXProject section */

/* Begin PBXResourcesBuildPhase section */
		0309EB4D170542E400ADAFEF /* Resources */ = {
			isa = PBXResourcesBuildPhase;
			buildActionMask = 2147483647;
			files = (
				0309EB5D170542E400ADAFEF /* InfoPlist.strings in Resources */,
				0309EB65170542E400ADAFEF /* Default.png in Resources */,
				0309EB67170542E400ADAFEF /* Default@2x.png in Resources */,
				0309EB69170542E400ADAFEF /* Default-568h@2x.png in Resources */,
			);
			runOnlyForDeploymentPostprocessing = 0;
		};
/* End PBXResourcesBuildPhase section */

/* Begin PBXSourcesBuildPhase section */
		0309EB4B170542E400ADAFEF /* Sources */ = {
			isa = PBXSourcesBuildPhase;
			buildActionMask = 2147483647;
			files = (
				0309EB5F170542E400ADAFEF /* main.m in Sources */,
				0309EB63170542E400ADAFEF /* JAAppDelegate.m in Sources */,
				0309EB6C170542E400ADAFEF /* JAPulldownTableViewController.m in Sources */,
				0309EB811705621600ADAFEF /* JAMaskedBackgroundView.m in Sources */,
				0309EB841705644D00ADAFEF /* JAConstants.m in Sources */,
				035E4750170684E400616FBB /* JATouchPassingTableView.m in Sources */,
			);
			runOnlyForDeploymentPostprocessing = 0;
		};
/* End PBXSourcesBuildPhase section */

/* Begin PBXVariantGroup section */
		0309EB5B170542E400ADAFEF /* InfoPlist.strings */ = {
			isa = PBXVariantGroup;
			children = (
				0309EB5C170542E400ADAFEF /* en */,
			);
			name = InfoPlist.strings;
			sourceTree = "<group>";
		};
/* End PBXVariantGroup section */

/* Begin XCBuildConfiguration section */
		0309EB70170542E400ADAFEF /* Debug */ = {
			isa = XCBuildConfiguration;
			buildSettings = {
				ALWAYS_SEARCH_USER_PATHS = NO;
				CLANG_CXX_LANGUAGE_STANDARD = "gnu++0x";
				CLANG_CXX_LIBRARY = "libc++";
				CLANG_ENABLE_OBJC_ARC = YES;
				CLANG_WARN_CONSTANT_CONVERSION = YES;
				CLANG_WARN_EMPTY_BODY = YES;
				CLANG_WARN_ENUM_CONVERSION = YES;
				CLANG_WARN_INT_CONVERSION = YES;
				CLANG_WARN__DUPLICATE_METHOD_MATCH = YES;
				"CODE_SIGN_IDENTITY[sdk=iphoneos*]" = "iPhone Developer";
				COPY_PHASE_STRIP = NO;
				GCC_C_LANGUAGE_STANDARD = gnu99;
				GCC_DYNAMIC_NO_PIC = NO;
				GCC_OPTIMIZATION_LEVEL = 0;
				GCC_PREPROCESSOR_DEFINITIONS = (
					"DEBUG=1",
					"$(inherited)",
				);
				GCC_SYMBOLS_PRIVATE_EXTERN = NO;
				GCC_WARN_ABOUT_RETURN_TYPE = YES;
				GCC_WARN_UNINITIALIZED_AUTOS = YES;
				GCC_WARN_UNUSED_VARIABLE = YES;
				IPHONEOS_DEPLOYMENT_TARGET = 6.1;
				ONLY_ACTIVE_ARCH = YES;
				SDKROOT = iphoneos;
			};
			name = Debug;
		};
		0309EB71170542E400ADAFEF /* Release */ = {
			isa = XCBuildConfiguration;
			buildSettings = {
				ALWAYS_SEARCH_USER_PATHS = NO;
				CLANG_CXX_LANGUAGE_STANDARD = "gnu++0x";
				CLANG_CXX_LIBRARY = "libc++";
				CLANG_ENABLE_OBJC_ARC = YES;
				CLANG_WARN_CONSTANT_CONVERSION = YES;
				CLANG_WARN_EMPTY_BODY = YES;
				CLANG_WARN_ENUM_CONVERSION = YES;
				CLANG_WARN_INT_CONVERSION = YES;
				CLANG_WARN__DUPLICATE_METHOD_MATCH = YES;
				"CODE_SIGN_IDENTITY[sdk=iphoneos*]" = "iPhone Developer";
				COPY_PHASE_STRIP = YES;
				GCC_C_LANGUAGE_STANDARD = gnu99;
				GCC_WARN_ABOUT_RETURN_TYPE = YES;
				GCC_WARN_UNINITIALIZED_AUTOS = YES;
				GCC_WARN_UNUSED_VARIABLE = YES;
				IPHONEOS_DEPLOYMENT_TARGET = 6.1;
				OTHER_CFLAGS = "-DNS_BLOCK_ASSERTIONS=1";
				SDKROOT = iphoneos;
				VALIDATE_PRODUCT = YES;
			};
			name = Release;
		};
		0309EB73170542E400ADAFEF /* Debug */ = {
			isa = XCBuildConfiguration;
			buildSettings = {
				GCC_PRECOMPILE_PREFIX_HEADER = YES;
				GCC_PREFIX_HEADER = "PullToMap/PullToMap-Prefix.pch";
				INFOPLIST_FILE = "PullToMap/PullToMap-Info.plist";
				IPHONEOS_DEPLOYMENT_TARGET = 5.0;
				PRODUCT_NAME = "$(TARGET_NAME)";
				WRAPPER_EXTENSION = app;
			};
			name = Debug;
		};
		0309EB74170542E400ADAFEF /* Release */ = {
			isa = XCBuildConfiguration;
			buildSettings = {
				GCC_PRECOMPILE_PREFIX_HEADER = YES;
				GCC_PREFIX_HEADER = "PullToMap/PullToMap-Prefix.pch";
				INFOPLIST_FILE = "PullToMap/PullToMap-Info.plist";
				IPHONEOS_DEPLOYMENT_TARGET = 5.0;
				PRODUCT_NAME = "$(TARGET_NAME)";
				WRAPPER_EXTENSION = app;
			};
			name = Release;
		};
/* End XCBuildConfiguration section */

/* Begin XCConfigurationList section */
		0309EB4A170542E400ADAFEF /* Build configuration list for PBXProject "PullToMap" */ = {
			isa = XCConfigurationList;
			buildConfigurations = (
				0309EB70170542E400ADAFEF /* Debug */,
				0309EB71170542E400ADAFEF /* Release */,
			);
			defaultConfigurationIsVisible = 0;
			defaultConfigurationName = Release;
		};
		0309EB72170542E400ADAFEF /* Build configuration list for PBXNativeTarget "PullToMap" */ = {
			isa = XCConfigurationList;
			buildConfigurations = (
				0309EB73170542E400ADAFEF /* Debug */,
				0309EB74170542E400ADAFEF /* Release */,
			);
			defaultConfigurationIsVisible = 0;
			defaultConfigurationName = Release;
		};
/* End XCConfigurationList section */
	};
	rootObject = 0309EB47170542E400ADAFEF /* Project object */;
}
